
Microsoft Visual Studio Solution File, Format Version 12.00
# Visual Studio 15
VisualStudioVersion = 15.0.28010.2036
MinimumVisualStudioVersion = 10.0.40219.1
Project("{FAE04EC0-301F-11D3-BF4B-00C04F79EFBC}") = "TableauAPI", "TableauAPI\TableauAPI.csproj", "{6DD71A5C-C899-4AB5-81B6-E1F01BA88213}"
EndProject
Global
	GlobalSection(SolutionConfigurationPlatforms) = preSolution
		Debug|Any CPU = Debug|Any CPU
		Release|Any CPU = Release|Any CPU
	EndGlobalSection
	GlobalSection(ProjectConfigurationPlatforms) = postSolution
		{6DD71A5C-C899-4AB5-81B6-E1F01BA88213}.Debug|Any CPU.ActiveCfg = Debug|Any CPU
		{6DD71A5C-C899-4AB5-81B6-E1F01BA88213}.Debug|Any CPU.Build.0 = Debug|Any CPU
		{6DD71A5C-C899-4AB5-81B6-E1F01BA88213}.Release|Any CPU.ActiveCfg = Release|Any CPU
		{6DD71A5C-C899-4AB5-81B6-E1F01BA88213}.Release|Any CPU.Build.0 = Release|Any CPU
	EndGlobalSection
	GlobalSection(SolutionProperties) = preSolution
		HideSolutionNode = FALSE
	EndGlobalSection
	GlobalSection(ExtensibilityGlobals) = postSolution
		SolutionGuid = {D93C3CDF-DC40-4C14-AED9-CB9394377111}
	EndGlobalSection
EndGlobal
